<?xml version="1.0" encoding="utf-8"?>
<Project ToolsVersion="4.0" xmlns="http://schemas.microsoft.com/developer/msbuild/2003">
  <ItemGroup>
    <Filter Include="Components">
      <UniqueIdentifier>{95af193b-fb8e-445b-988a-ed6cab8253cc}</UniqueIdentifier>
    </Filter>
    <Filter Include="Prefabs">
      <UniqueIdentifier>{36a35068-9a95-4d38-af33-785d00728632}</UniqueIdentifier>
    </Filter>
    <Filter Include="Scenes">
      <UniqueIdentifier>{2353d932-105a-4767-a22d-9616249b91fb}</UniqueIdentifier>
    </Filter>
    <Filter Include="Entities">
      <UniqueIdentifier>{fd054aa3-762e-4264-bf4a-5c8e46c0fe93}</UniqueIdentifier>
    </Filter>
    <Filter Include="Assets">
      <UniqueIdentifier>{5f8cf32f-a39a-4fb5-938e-ed723a98ca0e}</UniqueIdentifier>
    </Filter>
    <Filter Include="Components\Abilities">
      <UniqueIdentifier>{c984f0ad-4ee9-41f2-809d-f523316cc5bf}</UniqueIdentifier>
    </Filter>
    <Filter Include="Components\GUI">
      <UniqueIdentifier>{c668d7a5-295c-4721-825c-8b06d941a03c}</UniqueIdentifier>
    </Filter>
    <Filter Include="Components\Misc">
      <UniqueIdentifier>{55c28874-6ffb-4912-805e-ed2dc249cf18}</UniqueIdentifier>
    </Filter>
    <Filter Include="Components\Units">
      <UniqueIdentifier>{f65e5dbc-3f14-4ff4-b5cc-0bba5b7fce99}</UniqueIdentifier>
    </Filter>
    <Filter Include="Components\Abilities\Header Files">
      <UniqueIdentifier>{a72749e2-0c45-45a6-b14e-9f465e08fd99}</UniqueIdentifier>
    </Filter>
    <Filter Include="Components\GUI\Header Files">
      <UniqueIdentifier>{8f022ff2-04dc-4883-9349-92d366e7c781}</UniqueIdentifier>
    </Filter>
    <Filter Include="Components\Misc\Header Files">
      <UniqueIdentifier>{faf856c8-c278-4fde-9851-67332ae2b3d5}</UniqueIdentifier>
    </Filter>
    <Filter Include="Components\Units\Header Files">
      <UniqueIdentifier>{43486240-ea08-4178-a074-de216bb3d6eb}</UniqueIdentifier>
    </Filter>
    <Filter Include="Components\Terrain">
      <UniqueIdentifier>{ae353f6c-d07e-4e32-b4b2-8bc8bb98d68b}</UniqueIdentifier>
    </Filter>
    <Filter Include="Components\Terrain\Header Files">
      <UniqueIdentifier>{68b5c1ea-2c78-41c7-b945-d639d51e3e62}</UniqueIdentifier>
    </Filter>
    <Filter Include="Assets\Materials">
      <UniqueIdentifier>{26713429-b097-409e-be46-ff338dc9892a}</UniqueIdentifier>
    </Filter>
    <Filter Include="Assets\Shaders">
      <UniqueIdentifier>{1dd6addd-ffad-42fa-80c9-28c214e3936b}</UniqueIdentifier>
    </Filter>
    <Filter Include="Assets\Shaders\Frag">
      <UniqueIdentifier>{dc0d0961-1590-4d90-b9c9-4b4a500b5999}</UniqueIdentifier>
    </Filter>
    <Filter Include="Assets\Shaders\Geom">
      <UniqueIdentifier>{8126c095-e387-45d4-86b5-fdbe09ef2d77}</UniqueIdentifier>
    </Filter>
    <Filter Include="Assets\Shaders\Vert">
      <UniqueIdentifier>{bbaaa3b2-72e6-46f1-b4d6-fc00cf6bf53c}</UniqueIdentifier>
    </Filter>
  </ItemGroup>
  <ItemGroup>
    <ClCompile Include="App\Components\Abilities\app_ability_whack.c">
      <Filter>Components\Abilities</Filter>
    </ClCompile>
    <ClCompile Include="App\Components\Abilities\melee.c">
      <Filter>Components\Abilities</Filter>
    </ClCompile>
    <ClCompile Include="App\Components\Abilities\move.c">
      <Filter>Components\Abilities</Filter>
    </ClCompile>
    <ClCompile Include="App\Components\Abilities\abilities.c">
      <Filter>Components\Abilities</Filter>
    </ClCompile>
    <ClCompile Include="App\Components\Abilities\ability.c">
      <Filter>Components\Abilities</Filter>
    </ClCompile>
    <ClCompile Include="App\Components\Abilities\app_ability_move.c">
      <Filter>Components\Abilities</Filter>
    </ClCompile>
    <ClCompile Include="App\Components\GUI\cursor.c">
      <Filter>Components\GUI</Filter>
    </ClCompile>
    <ClCompile Include="App\Components\GUI\hud.c">
      <Filter>Components\GUI</Filter>
    </ClCompile>
    <ClCompile Include="App\Components\Misc\grid.c">
      <Filter>Components\Misc</Filter>
    </ClCompile>
    <ClCompile Include="App\Components\Misc\gun.c">
      <Filter>Components\Misc</Filter>
    </ClCompile>
    <ClCompile Include="App\Components\Misc\jet_engine.c">
      <Filter>Components\Misc</Filter>
    </ClCompile>
    <ClCompile Include="App\Components\Misc\laser.c">
      <Filter>Components\Misc</Filter>
    </ClCompile>
    <ClCompile Include="App\Components\Misc\mass.c">
      <Filter>Components\Misc</Filter>
    </ClCompile>
    <ClCompile Include="App\Components\Misc\playermotor.c">
      <Filter>Components\Misc</Filter>
    </ClCompile>
    <ClCompile Include="App\Components\Misc\projectile.c">
      <Filter>Components\Misc</Filter>
    </ClCompile>
    <ClCompile Include="App\Components\Misc\sinespawner.c">
      <Filter>Components\Misc</Filter>
    </ClCompile>
    <ClCompile Include="App\Components\Misc\spawner.c">
      <Filter>Components\Misc</Filter>
    </ClCompile>
    <ClCompile Include="App\Components\Misc\story_point.c">
      <Filter>Components\Misc</Filter>
    </ClCompile>
    <ClCompile Include="App\Components\Misc\velocity.c">
      <Filter>Components\Misc</Filter>
    </ClCompile>
    <ClCompile Include="App\Components\Misc\app_sine_move.c">
      <Filter>Components\Misc</Filter>
    </ClCompile>
    <ClCompile Include="App\Components\Misc\camera_controller.c">
      <Filter>Components\Misc</Filter>
    </ClCompile>
    <ClCompile Include="App\Components\Terrain\app_terrain.c">
      <Filter>Components\Terrain</Filter>
    </ClCompile>
    <ClCompile Include="App\Components\Terrain\terrain.c">
      <Filter>Components\Terrain</Filter>
    </ClCompile>
    <ClCompile Include="App\Components\Units\app_unit.c">
      <Filter>Components\Units</Filter>
    </ClCompile>
    <ClCompile Include="App\Entities\entity_ground.c">
      <Filter>Entities</Filter>
    </ClCompile>
    <ClCompile Include="App\Entities\entity_main_gui.c">
      <Filter>Entities</Filter>
    </ClCompile>
    <ClCompile Include="App\Entities\entity_spawn_pt1.c">
      <Filter>Entities</Filter>
    </ClCompile>
    <ClCompile Include="App\Entities\entity_terrain.c">
      <Filter>Entities</Filter>
    </ClCompile>
    <ClCompile Include="App\Entities\entity_test_gun.c">
      <Filter>Entities</Filter>
    </ClCompile>
    <ClCompile Include="App\Entities\entity_test_plane.c">
      <Filter>Entities</Filter>
    </ClCompile>
    <ClCompile Include="App\Entities\entity_text.c">
      <Filter>Entities</Filter>
    </ClCompile>
    <ClCompile Include="App\Entities\fairy.c">
      <Filter>Entities</Filter>
    </ClCompile>
    <ClCompile Include="App\Entities\entity_camera_controller.c">
      <Filter>Entities</Filter>
    </ClCompile>
    <ClCompile Include="App\Entities\entity_cursor.c">
      <Filter>Entities</Filter>
    </ClCompile>
    <ClCompile Include="App\Entities\entity_fairy2.c">
      <Filter>Entities</Filter>
    </ClCompile>
    <ClCompile Include="App\Entities\entity_grid.c">
      <Filter>Entities</Filter>
    </ClCompile>
    <ClCompile Include="App\Prefabs\prefab_fairy.c">
      <Filter>Prefabs</Filter>
    </ClCompile>
    <ClCompile Include="App\Prefabs\prefab_moving_sphere.c">
      <Filter>Prefabs</Filter>
    </ClCompile>
    <ClCompile Include="App\Prefabs\app_prefabs_baddie_doomsphere.c">
      <Filter>Prefabs</Filter>
    </ClCompile>
    <ClCompile Include="App\Scenes\desert1.c">
      <Filter>Scenes</Filter>
    </ClCompile>
    <ClCompile Include="App\appregister.c" />
    <ClCompile Include="App\app.c" />
  </ItemGroup>
  <ItemGroup>
    <ClInclude Include="App\Components\Abilities\abilities.h">
      <Filter>Components\Abilities\Header Files</Filter>
    </ClInclude>
    <ClInclude Include="App\Components\Abilities\ability.h">
      <Filter>Components\Abilities\Header Files</Filter>
    </ClInclude>
    <ClInclude Include="App\Components\Abilities\app_ability_move.h">
      <Filter>Components\Abilities\Header Files</Filter>
    </ClInclude>
    <ClInclude Include="App\Components\Abilities\app_ability_whack.h">
      <Filter>Components\Abilities\Header Files</Filter>
    </ClInclude>
    <ClInclude Include="App\Components\Abilities\melee.h">
      <Filter>Components\Abilities\Header Files</Filter>
    </ClInclude>
    <ClInclude Include="App\Components\Abilities\move.h">
      <Filter>Components\Abilities\Header Files</Filter>
    </ClInclude>
    <ClInclude Include="App\Components\GUI\cursor.h">
      <Filter>Components\GUI\Header Files</Filter>
    </ClInclude>
    <ClInclude Include="App\Components\GUI\hud.h">
      <Filter>Components\GUI\Header Files</Filter>
    </ClInclude>
    <ClInclude Include="App\Components\Misc\grid.h">
      <Filter>Components\Misc\Header Files</Filter>
    </ClInclude>
    <ClInclude Include="App\Components\Misc\gun.h">
      <Filter>Components\Misc\Header Files</Filter>
    </ClInclude>
    <ClInclude Include="App\Components\Misc\jet_engine.h">
      <Filter>Components\Misc\Header Files</Filter>
    </ClInclude>
    <ClInclude Include="App\Components\Misc\laser.h">
      <Filter>Components\Misc\Header Files</Filter>
    </ClInclude>
    <ClInclude Include="App\Components\Misc\mass.h">
      <Filter>Components\Misc\Header Files</Filter>
    </ClInclude>
    <ClInclude Include="App\Components\Misc\playermotor.h">
      <Filter>Components\Misc\Header Files</Filter>
    </ClInclude>
    <ClInclude Include="App\Components\Misc\projectile.h">
      <Filter>Components\Misc\Header Files</Filter>
    </ClInclude>
    <ClInclude Include="App\Components\Misc\sinespawner.h">
      <Filter>Components\Misc\Header Files</Filter>
    </ClInclude>
    <ClInclude Include="App\Components\Misc\spawner.h">
      <Filter>Components\Misc\Header Files</Filter>
    </ClInclude>
    <ClInclude Include="App\Components\Misc\story_point.h">
      <Filter>Components\Misc\Header Files</Filter>
    </ClInclude>
    <ClInclude Include="App\Components\Misc\velocity.h">
      <Filter>Components\Misc\Header Files</Filter>
    </ClInclude>
    <ClInclude Include="App\Components\Misc\app_sine_move.h">
      <Filter>Components\Misc\Header Files</Filter>
    </ClInclude>
    <ClInclude Include="App\Components\Misc\camera_controller.h">
      <Filter>Components\Misc\Header Files</Filter>
    </ClInclude>
    <ClInclude Include="App\Components\Terrain\app_terrain.h">
      <Filter>Components\Terrain\Header Files</Filter>
    </ClInclude>
    <ClInclude Include="App\Components\Terrain\terrain.h">
      <Filter>Components\Terrain\Header Files</Filter>
    </ClInclude>
    <ClInclude Include="App\Components\Terrain\terrain_profile.h">
      <Filter>Components\Terrain\Header Files</Filter>
    </ClInclude>
    <ClInclude Include="App\Prefabs\app_prefabs_baddies.h">
      <Filter>Prefabs</Filter>
    </ClInclude>
    <ClInclude Include="App\app.h" />
    <ClInclude Include="App\app_entities.h" />
    <ClInclude Include="App\app_prefabs.h" />
    <ClInclude Include="App\app_scenes.h" />
    <ClInclude Include="App\appcomponents.h" />
    <ClInclude Include="App\tags.h" />
    <ClInclude Include="App\app_resources.h" />
  </ItemGroup>
  <ItemGroup>
    <None Include="App\Materials\cursor.mat">
      <Filter>Assets\Materials</Filter>
    </None>
    <None Include="App\Materials\grass.mat">
      <Filter>Assets\Materials</Filter>
    </None>
    <None Include="App\Materials\line.mat">
      <Filter>Assets\Materials</Filter>
    </None>
    <None Include="App\Materials\terrain.mat">
      <Filter>Assets\Materials</Filter>
    </None>
    <None Include="App\Materials\test.mat">
      <Filter>Assets\Materials</Filter>
    </None>
    <None Include="App\Materials\tex.mat">
      <Filter>Assets\Materials</Filter>
    </None>
    <None Include="App\Materials\Shaders\Frag\terrain.frag">
      <Filter>Assets\Shaders\Frag</Filter>
    </None>
    <None Include="App\Materials\Shaders\Frag\test.frag">
      <Filter>Assets\Shaders\Frag</Filter>
    </None>
    <None Include="App\Materials\Shaders\Frag\tex.frag">
      <Filter>Assets\Shaders\Frag</Filter>
    </None>
    <None Include="App\Materials\Shaders\Frag\cursor.frag">
      <Filter>Assets\Shaders\Frag</Filter>
    </None>
    <None Include="App\Materials\Shaders\Frag\grass.frag">
      <Filter>Assets\Shaders\Frag</Filter>
    </None>
    <None Include="App\Materials\Shaders\Frag\gui.frag">
      <Filter>Assets\Shaders\Frag</Filter>
    </None>
    <None Include="App\Materials\Shaders\Vert\skeletal_anim.vert">
      <Filter>Assets\Shaders\Vert</Filter>
    </None>
    <None Include="App\Materials\Shaders\Vert\terrain.vert">
      <Filter>Assets\Shaders\Vert</Filter>
    </None>
    <None Include="App\Materials\Shaders\Vert\test.vert">
      <Filter>Assets\Shaders\Vert</Filter>
    </None>
    <None Include="App\Materials\Shaders\Vert\tex.vert">
      <Filter>Assets\Shaders\Vert</Filter>
    </None>
    <None Include="App\Materials\Shaders\Vert\cursor.vert">
      <Filter>Assets\Shaders\Vert</Filter>
    </None>
    <None Include="App\Materials\Shaders\Vert\grass.vert">
      <Filter>Assets\Shaders\Vert</Filter>
    </None>
    <None Include="App\Materials\Shaders\Vert\gui.vert">
      <Filter>Assets\Shaders\Vert</Filter>
    </None>
    <None Include="App\Materials\Shaders\Vert\line.vert">
      <Filter>Assets\Shaders\Vert</Filter>
    </None>
  </ItemGroup>
</Project>