<?xml version="1.0" encoding="utf-8"?>
<Project ToolsVersion="4.0" xmlns="http://schemas.microsoft.com/developer/msbuild/2003">
  <ItemGroup>
    <Filter Include="Source Files">
      <UniqueIdentifier>{4FC737F1-C7A5-4376-A066-2A32D752A2FF}</UniqueIdentifier>
      <Extensions>cpp;c;cc;cxx;def;odl;idl;hpj;bat;asm;asmx</Extensions>
    </Filter>
    <Filter Include="Header Files">
      <UniqueIdentifier>{93995380-89BD-4b04-88EB-625FBE52EBFB}</UniqueIdentifier>
      <Extensions>h;hpp;hxx;hm;inl;inc;xsd</Extensions>
    </Filter>
    <Filter Include="Resource Files">
      <UniqueIdentifier>{67DA6AB6-F800-4c08-8B7A-83BB121AAD01}</UniqueIdentifier>
      <Extensions>rc;ico;cur;bmp;dlg;rc2;rct;bin;rgs;gif;jpg;jpeg;jpe;resx;tiff;tif;png;wav;mfcribbon-ms</Extensions>
    </Filter>
    <Filter Include="Components">
      <UniqueIdentifier>{05eeaa64-da89-4f2a-8b2f-d87f24d9ef5c}</UniqueIdentifier>
    </Filter>
    <Filter Include="Components\Standard">
      <UniqueIdentifier>{b027b75a-34f5-480d-ab9d-53465c9f6f6f}</UniqueIdentifier>
    </Filter>
    <Filter Include="Gen">
      <UniqueIdentifier>{f27e5db6-118f-4cc4-af7f-20ba80799641}</UniqueIdentifier>
    </Filter>
    <Filter Include="Components\Standard\Header Files">
      <UniqueIdentifier>{2e9e16b2-365f-4756-a95f-a7cfdb9d7321}</UniqueIdentifier>
    </Filter>
    <Filter Include="Components\Standard\Source Files">
      <UniqueIdentifier>{8ec94fef-4adf-46fd-a8de-6c08064fe1a3}</UniqueIdentifier>
    </Filter>
  </ItemGroup>
  <ItemGroup>
    <ClCompile Include="App\app.c">
      <Filter>Source Files</Filter>
    </ClCompile>
    <ClCompile Include="Components\Animation.h">
      <Filter>Components\Standard\Header Files</Filter>
    </ClCompile>
    <ClCompile Include="Animation.c">
      <Filter>Components\Standard\Source Files</Filter>
    </ClCompile>
    <ClCompile Include="Components\Renderer.h">
      <Filter>Components\Standard\Header Files</Filter>
    </ClCompile>
    <ClCompile Include="Components\Renderer.c">
      <Filter>Components\Standard\Source Files</Filter>
    </ClCompile>
    <ClCompile Include="Components\Collider.h">
      <Filter>Components\Standard\Header Files</Filter>
    </ClCompile>
    <ClCompile Include="Components\Collider.c">
      <Filter>Components\Standard\Source Files</Filter>
    </ClCompile>
    <ClCompile Include="Components\ModelRenderer.h">
      <Filter>Components\Standard\Header Files</Filter>
    </ClCompile>
    <ClCompile Include="Components\ModelRenderer.c">
      <Filter>Components\Standard\Source Files</Filter>
    </ClCompile>
    <ClCompile Include="Components\Transform.h">
      <Filter>Components\Standard\Header Files</Filter>
    </ClCompile>
    <ClCompile Include="Components\Transform.c">
      <Filter>Components\Standard\Source Files</Filter>
    </ClCompile>
    <ClCompile Include="Components\TextRenderer.h">
      <Filter>Components\Standard\Header Files</Filter>
    </ClCompile>
    <ClCompile Include="Components\TextRenderer.c">
      <Filter>Components\Standard\Source Files</Filter>
    </ClCompile>
    <ClCompile Include="Components\Debug.h">
      <Filter>Components\Standard\Header Files</Filter>
    </ClCompile>
    <ClCompile Include="Components\Debug.c">
      <Filter>Components\Standard\Source Files</Filter>
    </ClCompile>
    <ClCompile Include="Components\Camera.h">
      <Filter>Components\Standard\Header Files</Filter>
    </ClCompile>
    <ClCompile Include="Components\Camera.c">
      <Filter>Components\Standard\Source Files</Filter>
    </ClCompile>
    <ClCompile Include="Components\Widget.h">
      <Filter>Components\Standard\Header Files</Filter>
    </ClCompile>
    <ClCompile Include="Components\Widget.c">
      <Filter>Components\Standard\Source Files</Filter>
    </ClCompile>
    <ClCompile Include="Components\Label.h">
      <Filter>Components\Standard\Header Files</Filter>
    </ClCompile>
    <ClCompile Include="Components\Label.c">
      <Filter>Components\Standard\Source Files</Filter>
    </ClCompile>
    <ClCompile Include="Components\ScrollWidget.h">
      <Filter>Components\Standard\Header Files</Filter>
    </ClCompile>
    <ClCompile Include="Components\ScrollWidget.c">
      <Filter>Components\Standard\Source Files</Filter>
    </ClCompile>
    <ClCompile Include="Components\Log.h">
      <Filter>Components\Standard\Header Files</Filter>
    </ClCompile>
    <ClCompile Include="Components\Log.c">
      <Filter>Components\Standard\Source Files</Filter>
    </ClCompile>
  </ItemGroup>
  <ItemGroup>
    <ClInclude Include="App\app.h">
      <Filter>Header Files</Filter>
    </ClInclude>
    <ClInclude Include="Components\All.h">
      <Filter>Components</Filter>
    </ClInclude>
  </ItemGroup>
</Project>