<?xml version="1.0" encoding="utf-8"?>
<Project ToolsVersion="4.0" xmlns="http://schemas.microsoft.com/developer/msbuild/2003">
  <ItemGroup>
    <Filter Include="Source Files">
      <UniqueIdentifier>{4FC737F1-C7A5-4376-A066-2A32D752A2FF}</UniqueIdentifier>
      <Extensions>cpp;c;cc;cxx;def;odl;idl;hpj;bat;asm;asmx</Extensions>
    </Filter>
    <Filter Include="Header Files">
      <UniqueIdentifier>{93995380-89BD-4b04-88EB-625FBE52EBFB}</UniqueIdentifier>
      <Extensions>h;hpp;hxx;hm;inl;inc;xsd</Extensions>
    </Filter>
    <Filter Include="Resource Files">
      <UniqueIdentifier>{67DA6AB6-F800-4c08-8B7A-83BB121AAD01}</UniqueIdentifier>
      <Extensions>rc;ico;cur;bmp;dlg;rc2;rct;bin;rgs;gif;jpg;jpeg;jpe;resx;tiff;tif;png;wav;mfcribbon-ms</Extensions>
    </Filter>
    <Filter Include="Components">
      <UniqueIdentifier>{05eeaa64-da89-4f2a-8b2f-d87f24d9ef5c}</UniqueIdentifier>
    </Filter>
    <Filter Include="Resource Files\Materials">
      <UniqueIdentifier>{281ff5a7-c646-4f1d-b246-9834859caf61}</UniqueIdentifier>
    </Filter>
    <Filter Include="Resource Files\Materials\Fragment Shaders">
      <UniqueIdentifier>{7cea2c2d-f8ec-4584-9f24-fa00af8ec9f8}</UniqueIdentifier>
    </Filter>
    <Filter Include="Resource Files\Materials\Vertex Shaders">
      <UniqueIdentifier>{f9047d8d-4621-4039-926e-2abe509907b5}</UniqueIdentifier>
    </Filter>
    <Filter Include="Components\Headers">
      <UniqueIdentifier>{e1793271-ebcf-4d89-98ed-42b3c389f2fb}</UniqueIdentifier>
    </Filter>
    <Filter Include="Components\Sources">
      <UniqueIdentifier>{43998528-c118-46a2-9707-f1e9965cdf20}</UniqueIdentifier>
    </Filter>
    <Filter Include="Components\GUI">
      <UniqueIdentifier>{19931f86-39bf-4d11-9ed7-9b8cd64dbc63}</UniqueIdentifier>
    </Filter>
    <Filter Include="Components\GUI\Headers">
      <UniqueIdentifier>{bd05bde7-bfb9-448b-a11b-4e6eb9ab1e7c}</UniqueIdentifier>
    </Filter>
    <Filter Include="Components\GUI\Sources">
      <UniqueIdentifier>{f4038e50-18ca-4ae5-936d-f7de6cf3efee}</UniqueIdentifier>
    </Filter>
    <Filter Include="Components\Abilities">
      <UniqueIdentifier>{712fd7a6-3590-41cd-9e8c-86b3b4472cfa}</UniqueIdentifier>
    </Filter>
    <Filter Include="Components\Abilities\Sources">
      <UniqueIdentifier>{33472809-9303-4d30-bc4a-0901e334b588}</UniqueIdentifier>
    </Filter>
    <Filter Include="Components\Abilities\Headers">
      <UniqueIdentifier>{87a7090e-a25a-4459-8f98-a41da5b0741d}</UniqueIdentifier>
    </Filter>
  </ItemGroup>
  <ItemGroup>
    <ClInclude Include="App\app.h">
      <Filter>Header Files</Filter>
    </ClInclude>
    <ClInclude Include="grid.h">
      <Filter>Components\Headers</Filter>
    </ClInclude>
    <ClInclude Include="terrain.h">
      <Filter>Components\Headers</Filter>
    </ClInclude>
    <ClInclude Include="camera_controller.h">
      <Filter>Components\Headers</Filter>
    </ClInclude>
    <ClInclude Include="App\playermotor.h">
      <Filter>Components\Headers</Filter>
    </ClInclude>
    <ClInclude Include="terrain_tile.h">
      <Filter>Components\Headers</Filter>
    </ClInclude>
    <ClInclude Include="terraincursor.h">
      <Filter>Components\Headers</Filter>
    </ClInclude>
    <ClInclude Include="cursor.h">
      <Filter>Components\Headers</Filter>
    </ClInclude>
    <ClInclude Include="unit.h">
      <Filter>Components\Headers</Filter>
    </ClInclude>
    <ClInclude Include="ability.h">
      <Filter>Components\Headers</Filter>
    </ClInclude>
    <ClInclude Include="hud.h">
      <Filter>Components\GUI\Headers</Filter>
    </ClInclude>
    <ClInclude Include="move.h">
      <Filter>Components\Abilities\Headers</Filter>
    </ClInclude>
    <ClInclude Include="abilities.h">
      <Filter>Header Files</Filter>
    </ClInclude>
    <ClInclude Include="melee.h">
      <Filter>Components\Abilities\Headers</Filter>
    </ClInclude>
  </ItemGroup>
  <ItemGroup>
    <ClCompile Include="App\app.c">
      <Filter>Source Files</Filter>
    </ClCompile>
    <ClCompile Include="appregister.c">
      <Filter>Source Files</Filter>
    </ClCompile>
    <ClCompile Include="camera_controller.c">
      <Filter>Components\Sources</Filter>
    </ClCompile>
    <ClCompile Include="grid.c">
      <Filter>Components\Sources</Filter>
    </ClCompile>
    <ClCompile Include="terrain.c">
      <Filter>Components\Sources</Filter>
    </ClCompile>
    <ClCompile Include="App\playermotor.c">
      <Filter>Components\Sources</Filter>
    </ClCompile>
    <ClCompile Include="terrain_tile.c">
      <Filter>Components\Sources</Filter>
    </ClCompile>
    <ClCompile Include="terraincursor.c">
      <Filter>Components\Sources</Filter>
    </ClCompile>
    <ClCompile Include="cursor.c">
      <Filter>Components\Sources</Filter>
    </ClCompile>
    <ClCompile Include="unit.c">
      <Filter>Components\Sources</Filter>
    </ClCompile>
    <ClCompile Include="ability.c">
      <Filter>Components\Sources</Filter>
    </ClCompile>
    <ClCompile Include="hud.c">
      <Filter>Components\GUI\Sources</Filter>
    </ClCompile>
    <ClCompile Include="move.c">
      <Filter>Components\Abilities\Sources</Filter>
    </ClCompile>
    <ClCompile Include="abilities.c">
      <Filter>Source Files</Filter>
    </ClCompile>
    <ClCompile Include="melee.c">
      <Filter>Components\Abilities\Sources</Filter>
    </ClCompile>
  </ItemGroup>
  <ItemGroup>
    <None Include="terrain.mat">
      <Filter>Resource Files\Materials</Filter>
    </None>
    <None Include="terrain.vert">
      <Filter>Resource Files\Materials\Vertex Shaders</Filter>
    </None>
    <None Include="terrain.frag">
      <Filter>Resource Files\Materials\Fragment Shaders</Filter>
    </None>
    <None Include="cursor.vert">
      <Filter>Resource Files\Materials\Vertex Shaders</Filter>
    </None>
    <None Include="cursor.frag">
      <Filter>Resource Files\Materials\Fragment Shaders</Filter>
    </None>
    <None Include="cursor.mat">
      <Filter>Resource Files\Materials</Filter>
    </None>
  </ItemGroup>
</Project>