<?xml version="1.0" encoding="utf-8"?>
<Project ToolsVersion="4.0" xmlns="http://schemas.microsoft.com/developer/msbuild/2003">
  <ItemGroup>
    <Filter Include="Source Files">
      <UniqueIdentifier>{4FC737F1-C7A5-4376-A066-2A32D752A2FF}</UniqueIdentifier>
      <Extensions>cpp;c;cc;cxx;def;odl;idl;hpj;bat;asm;asmx</Extensions>
    </Filter>
    <Filter Include="Header Files">
      <UniqueIdentifier>{93995380-89BD-4b04-88EB-625FBE52EBFB}</UniqueIdentifier>
      <Extensions>h;hpp;hxx;hm;inl;inc;xsd</Extensions>
    </Filter>
    <Filter Include="Resource Files">
      <UniqueIdentifier>{67DA6AB6-F800-4c08-8B7A-83BB121AAD01}</UniqueIdentifier>
      <Extensions>rc;ico;cur;bmp;dlg;rc2;rct;bin;rgs;gif;jpg;jpeg;jpe;resx;tiff;tif;png;wav;mfcribbon-ms</Extensions>
    </Filter>
    <Filter Include="Standard Assets">
      <UniqueIdentifier>{3ac3ac9f-0851-40b2-a7ad-979f84ecefe1}</UniqueIdentifier>
    </Filter>
    <Filter Include="Header Files\Components">
      <UniqueIdentifier>{a97f06ea-15a3-407a-8f5d-d12dab9569dd}</UniqueIdentifier>
    </Filter>
    <Filter Include="Header Files\Components\Renderers">
      <UniqueIdentifier>{bc9fa69c-a399-4ba4-99f6-ba74ce02654e}</UniqueIdentifier>
    </Filter>
    <Filter Include="Source Files\Components">
      <UniqueIdentifier>{a9ce3e79-5eac-4baf-aa54-689313688b92}</UniqueIdentifier>
    </Filter>
    <Filter Include="Source Files\Components\Renderers">
      <UniqueIdentifier>{841a4636-66fc-48ce-b6ba-2e6c92491823}</UniqueIdentifier>
    </Filter>
  </ItemGroup>
  <ItemGroup>
    <ClCompile Include="cJSON.c">
      <Filter>Source Files</Filter>
    </ClCompile>
    <ClCompile Include="client.c">
      <Filter>Source Files</Filter>
    </ClCompile>
    <ClCompile Include="client_packet.c">
      <Filter>Source Files</Filter>
    </ClCompile>
    <ClCompile Include="collision.c">
      <Filter>Source Files</Filter>
    </ClCompile>
    <ClCompile Include="component.c">
      <Filter>Source Files</Filter>
    </ClCompile>
    <ClCompile Include="draw.c">
      <Filter>Source Files</Filter>
    </ClCompile>
    <ClCompile Include="entity.c">
      <Filter>Source Files</Filter>
    </ClCompile>
    <ClCompile Include="input.c">
      <Filter>Source Files</Filter>
    </ClCompile>
    <ClCompile Include="matrix.c">
      <Filter>Source Files</Filter>
    </ClCompile>
    <ClCompile Include="modelgen.c">
      <Filter>Source Files</Filter>
    </ClCompile>
    <ClCompile Include="scene.c">
      <Filter>Source Files</Filter>
    </ClCompile>
    <ClCompile Include="texture.c">
      <Filter>Source Files</Filter>
    </ClCompile>
    <ClCompile Include="timer.c">
      <Filter>Source Files</Filter>
    </ClCompile>
    <ClCompile Include="types.c">
      <Filter>Source Files</Filter>
    </ClCompile>
    <ClCompile Include="util.c">
      <Filter>Source Files</Filter>
    </ClCompile>
    <ClCompile Include="tv_alloc.c">
      <Filter>Source Files</Filter>
    </ClCompile>
    <ClCompile Include="modelrenderer.c">
      <Filter>Source Files\Components\Renderers</Filter>
    </ClCompile>
    <ClCompile Include="textrenderer.c">
      <Filter>Source Files\Components\Renderers</Filter>
    </ClCompile>
    <ClCompile Include="renderer.c">
      <Filter>Source Files\Components\Renderers</Filter>
    </ClCompile>
    <ClCompile Include="camera.c">
      <Filter>Source Files\Components</Filter>
    </ClCompile>
    <ClCompile Include="model.c">
      <Filter>Source Files\Components</Filter>
    </ClCompile>
    <ClCompile Include="material.c">
      <Filter>Source Files\Components</Filter>
    </ClCompile>
  </ItemGroup>
  <ItemGroup>
    <ClInclude Include="cJSON.h">
      <Filter>Header Files</Filter>
    </ClInclude>
    <ClInclude Include="client.h">
      <Filter>Header Files</Filter>
    </ClInclude>
    <ClInclude Include="client_packet.h">
      <Filter>Header Files</Filter>
    </ClInclude>
    <ClInclude Include="collision.h">
      <Filter>Header Files</Filter>
    </ClInclude>
    <ClInclude Include="component.h">
      <Filter>Header Files</Filter>
    </ClInclude>
    <ClInclude Include="draw.h">
      <Filter>Header Files</Filter>
    </ClInclude>
    <ClInclude Include="entity.h">
      <Filter>Header Files</Filter>
    </ClInclude>
    <ClInclude Include="evo.h">
      <Filter>Header Files</Filter>
    </ClInclude>
    <ClInclude Include="input.h">
      <Filter>Header Files</Filter>
    </ClInclude>
    <ClInclude Include="matrix.h">
      <Filter>Header Files</Filter>
    </ClInclude>
    <ClInclude Include="modelgen.h">
      <Filter>Header Files</Filter>
    </ClInclude>
    <ClInclude Include="scene.h">
      <Filter>Header Files</Filter>
    </ClInclude>
    <ClInclude Include="texture.h">
      <Filter>Header Files</Filter>
    </ClInclude>
    <ClInclude Include="timer.h">
      <Filter>Header Files</Filter>
    </ClInclude>
    <ClInclude Include="types.h">
      <Filter>Header Files</Filter>
    </ClInclude>
    <ClInclude Include="util.h">
      <Filter>Header Files</Filter>
    </ClInclude>
    <ClInclude Include="tv_hash.h">
      <Filter>Header Files</Filter>
    </ClInclude>
    <ClInclude Include="tv_array.h">
      <Filter>Header Files</Filter>
    </ClInclude>
    <ClInclude Include="tv_list.h">
      <Filter>Header Files</Filter>
    </ClInclude>
    <ClInclude Include="tv_string.h">
      <Filter>Header Files</Filter>
    </ClInclude>
    <ClInclude Include="tv_alloc.h">
      <Filter>Header Files</Filter>
    </ClInclude>
    <ClInclude Include="textrenderer.h">
      <Filter>Header Files\Components\Renderers</Filter>
    </ClInclude>
    <ClInclude Include="modelrenderer.h">
      <Filter>Header Files\Components\Renderers</Filter>
    </ClInclude>
    <ClInclude Include="renderer.h">
      <Filter>Header Files\Components\Renderers</Filter>
    </ClInclude>
    <ClInclude Include="camera.h">
      <Filter>Header Files\Components</Filter>
    </ClInclude>
    <ClInclude Include="material.h">
      <Filter>Header Files\Components</Filter>
    </ClInclude>
    <ClInclude Include="model.h">
      <Filter>Header Files\Components</Filter>
    </ClInclude>
  </ItemGroup>
</Project>